github.com/usnistgov/hugo-uswds v0.1.1-0.20230601211030-cc57ce2e1efa h1:epWur+VEq3QYa6LCcaqpmUq9Gxu4VB8cnYWmBmRxaoE=
github.com/usnistgov/hugo-uswds v0.1.1-0.20230601211030-cc57ce2e1efa/go.mod h1:YtYMpS1Gr9guX/veNtNG23q/kUmwrZkW0hKsRUbzatg=
github.com/usnistgov/hugo-uswds v1.0.0 h1:6Nwrs4XWOkxOheWWM8VTEl6aMM7cLQUNv0chuUokB8o=
github.com/usnistgov/hugo-uswds v1.0.0/go.mod h1:MkgH5fvt5GIZo70VkBav+wP6br+MzrD/+OMZ9EqDkHM=
